
Microsoft Visual Studio Solution File, Format Version 12.00
# Visual Studio Version 17
VisualStudioVersion = 17.1.32328.378
MinimumVisualStudioVersion = 10.0.40219.1
Project("{FAE04EC0-301F-11D3-BF4B-00C04F79EFBC}") = "ClienteApi", "ClienteApi\ClienteApi.csproj", "{A7F9D9EF-5366-4D72-92C0-812E3F3D30F0}"
EndProject
Project("{FAE04EC0-301F-11D3-BF4B-00C04F79EFBC}") = "ClienteApi.Test", "ClienteApi.Test\ClienteApi.Test.csproj", "{BCB59C5B-B704-4A53-ABA0-BD5156BBD7B2}"
EndProject
Global
	GlobalSection(SolutionConfigurationPlatforms) = preSolution
		Debug|Any CPU = Debug|Any CPU
		Release|Any CPU = Release|Any CPU
	EndGlobalSection
	GlobalSection(ProjectConfigurationPlatforms) = postSolution
		{A7F9D9EF-5366-4D72-92C0-812E3F3D30F0}.Debug|Any CPU.ActiveCfg = Debug|Any CPU
		{A7F9D9EF-5366-4D72-92C0-812E3F3D30F0}.Debug|Any CPU.Build.0 = Debug|Any CPU
		{A7F9D9EF-5366-4D72-92C0-812E3F3D30F0}.Release|Any CPU.ActiveCfg = Release|Any CPU
		{A7F9D9EF-5366-4D72-92C0-812E3F3D30F0}.Release|Any CPU.Build.0 = Release|Any CPU
		{BCB59C5B-B704-4A53-ABA0-BD5156BBD7B2}.Debug|Any CPU.ActiveCfg = Debug|Any CPU
		{BCB59C5B-B704-4A53-ABA0-BD5156BBD7B2}.Debug|Any CPU.Build.0 = Debug|Any CPU
		{BCB59C5B-B704-4A53-ABA0-BD5156BBD7B2}.Release|Any CPU.ActiveCfg = Release|Any CPU
		{BCB59C5B-B704-4A53-ABA0-BD5156BBD7B2}.Release|Any CPU.Build.0 = Release|Any CPU
	EndGlobalSection
	GlobalSection(SolutionProperties) = preSolution
		HideSolutionNode = FALSE
	EndGlobalSection
	GlobalSection(ExtensibilityGlobals) = postSolution
		SolutionGuid = {7B65C515-D134-4266-B168-F07186844974}
	EndGlobalSection
EndGlobal
